Microsoft Visual Studio Solution File, Format Version 12.00
# Visual Studio Version 17
VisualStudioVersion = 17.5.2.0
MinimumVisualStudioVersion = 10.0.40219.1
Project("{FAE04EC0-301F-11D3-BF4B-00C04F79EFBC}") = "Julspelet", "Julspelet.csproj", "{D0D4C9FC-2044-3E54-DE7F-3C82D820CEE7}"
EndProject
Global
	GlobalSection(SolutionConfigurationPlatforms) = preSolution
		Debug|Any CPU = Debug|Any CPU
		Release|Any CPU = Release|Any CPU
	EndGlobalSection
	GlobalSection(ProjectConfigurationPlatforms) = postSolution
		{D0D4C9FC-2044-3E54-DE7F-3C82D820CEE7}.Debug|Any CPU.ActiveCfg = Debug|Any CPU
		{D0D4C9FC-2044-3E54-DE7F-3C82D820CEE7}.Debug|Any CPU.Build.0 = Debug|Any CPU
		{D0D4C9FC-2044-3E54-DE7F-3C82D820CEE7}.Release|Any CPU.ActiveCfg = Release|Any CPU
		{D0D4C9FC-2044-3E54-DE7F-3C82D820CEE7}.Release|Any CPU.Build.0 = Release|Any CPU
	EndGlobalSection
	GlobalSection(SolutionProperties) = preSolution
		HideSolutionNode = FALSE
	EndGlobalSection
	GlobalSection(ExtensibilityGlobals) = postSolution
		SolutionGuid = {779A73C5-159B-4394-B990-0916F5EC9EFE}
	EndGlobalSection
EndGlobal
